{
  "name": "hie-lsp-adapter",
  "version": "0.1.0",
  "lockfileVersion": 1,
  "requires": true,
  "dependencies": {
    "@types/atom": {
      "version": "1.40.1",
      "resolved": "https://registry.npmjs.org/@types/atom/-/atom-1.40.1.tgz",
      "integrity": "sha512-NPhcr7dQz36OYZpwIlFdCIiDJAu3QRw3Y197AXn986nxA9IiQIXMrIfh+E9z213rK0QoFXbRp6A13On+sn80kg==",
      "requires": {
        "@types/node": "*"
      }
    },
    "@types/node": {
      "version": "8.10.59",
      "resolved": "https://registry.npmjs.org/@types/node/-/node-8.10.59.tgz",
      "integrity": "sha512-8RkBivJrDCyPpBXhVZcjh7cQxVBSmRk9QM7hOketZzp6Tg79c0N8kkpAIito9bnJ3HCVCHVYz+KHTEbfQNfeVQ=="
    },
    "atom-languageclient": {
      "version": "file:atom-languageclient",
      "requires": {
        "@types/atom": "^1.28.0",
        "@types/node": "^8.0.41",
        "fuzzaldrin-plus": "^0.6.0",
        "vscode-jsonrpc": "^3.6.0",
        "vscode-languageserver-protocol": "3.6.0-next.5",
        "vscode-languageserver-types": "^3.6.0-next.1"
      }
    },
    "fuzzaldrin-plus": {
      "version": "0.6.0",
      "resolved": "https://registry.npmjs.org/fuzzaldrin-plus/-/fuzzaldrin-plus-0.6.0.tgz",
      "integrity": "sha1-gy9kifvodnaUWVmckUpnDsIpR+4="
    },
    "vscode-jsonrpc": {
      "version": "3.6.2",
      "resolved": "https://registry.npmjs.org/vscode-jsonrpc/-/vscode-jsonrpc-3.6.2.tgz",
      "integrity": "sha512-T24Jb5V48e4VgYliUXMnZ379ItbrXgOimweKaJshD84z+8q7ZOZjJan0MeDe+Ugb+uqERDVV8SBmemaGMSMugA=="
    },
    "vscode-languageserver-protocol": {
      "version": "3.6.0-next.5",
      "resolved": "https://registry.npmjs.org/vscode-languageserver-protocol/-/vscode-languageserver-protocol-3.6.0-next.5.tgz",
      "integrity": "sha512-pfu6A4VHDnLn+/UryZc0TKRUl63FdIFMTng27kOER1xk2yXDlqVenQX//8s1Veb0xVGATKITiFKIvUIl037mtg==",
      "requires": {
        "vscode-jsonrpc": "^3.6.0-next.1",
        "vscode-languageserver-types": "^3.6.0-next.1"
      }
    },
    "vscode-languageserver-types": {
      "version": "3.15.1",
      "resolved": "https://registry.npmjs.org/vscode-languageserver-types/-/vscode-languageserver-types-3.15.1.tgz",
      "integrity": "sha512-+a9MPUQrNGRrGU630OGbYVQ+11iOIovjCkqxajPa9w57Sd5ruK8WQNsslzpa0x/QJqC8kRc2DUxWjIFwoNm4ZQ=="
    }
  }
}
